
Microsoft Visual Studio Solution File, Format Version 12.00
# Visual Studio Version 16
VisualStudioVersion = 16.0.29123.88
MinimumVisualStudioVersion = 10.0.40219.1
Project("{FAE04EC0-301F-11D3-BF4B-00C04F79EFBC}") = "New_Testament_En_Arm", "New_Testament_En_Arm\New_Testament_En_Arm.csproj", "{DAF0C363-8929-4121-92A1-9AD4450EA0D3}"
EndProject
Project("{FAE04EC0-301F-11D3-BF4B-00C04F79EFBC}") = "WebViewRuntimeComponent", "WebViewRuntimeComponent\WebViewRuntimeComponent.csproj", "{C7D5E447-60DA-49CB-B9C7-09E464EC26DF}"
EndProject
Global
	GlobalSection(SolutionConfigurationPlatforms) = preSolution
		Debug|Any CPU = Debug|Any CPU
		Debug|ARM = Debug|ARM
		Debug|ARM64 = Debug|ARM64
		Debug|x64 = Debug|x64
		Debug|x86 = Debug|x86
		Release|Any CPU = Release|Any CPU
		Release|ARM = Release|ARM
		Release|ARM64 = Release|ARM64
		Release|x64 = Release|x64
		Release|x86 = Release|x86
	EndGlobalSection
	GlobalSection(ProjectConfigurationPlatforms) = postSolution
		{DAF0C363-8929-4121-92A1-9AD4450EA0D3}.Debug|Any CPU.ActiveCfg = Debug|x86
		{DAF0C363-8929-4121-92A1-9AD4450EA0D3}.Debug|ARM.ActiveCfg = Debug|ARM
		{DAF0C363-8929-4121-92A1-9AD4450EA0D3}.Debug|ARM.Build.0 = Debug|ARM
		{DAF0C363-8929-4121-92A1-9AD4450EA0D3}.Debug|ARM.Deploy.0 = Debug|ARM
		{DAF0C363-8929-4121-92A1-9AD4450EA0D3}.Debug|ARM64.ActiveCfg = Debug|ARM64
		{DAF0C363-8929-4121-92A1-9AD4450EA0D3}.Debug|ARM64.Build.0 = Debug|ARM64
		{DAF0C363-8929-4121-92A1-9AD4450EA0D3}.Debug|ARM64.Deploy.0 = Debug|ARM64
		{DAF0C363-8929-4121-92A1-9AD4450EA0D3}.Debug|x64.ActiveCfg = Debug|x64
		{DAF0C363-8929-4121-92A1-9AD4450EA0D3}.Debug|x64.Build.0 = Debug|x64
		{DAF0C363-8929-4121-92A1-9AD4450EA0D3}.Debug|x64.Deploy.0 = Debug|x64
		{DAF0C363-8929-4121-92A1-9AD4450EA0D3}.Debug|x86.ActiveCfg = Debug|x86
		{DAF0C363-8929-4121-92A1-9AD4450EA0D3}.Debug|x86.Build.0 = Debug|x86
		{DAF0C363-8929-4121-92A1-9AD4450EA0D3}.Debug|x86.Deploy.0 = Debug|x86
		{DAF0C363-8929-4121-92A1-9AD4450EA0D3}.Release|Any CPU.ActiveCfg = Release|x86
		{DAF0C363-8929-4121-92A1-9AD4450EA0D3}.Release|ARM.ActiveCfg = Release|ARM
		{DAF0C363-8929-4121-92A1-9AD4450EA0D3}.Release|ARM.Build.0 = Release|ARM
		{DAF0C363-8929-4121-92A1-9AD4450EA0D3}.Release|ARM.Deploy.0 = Release|ARM
		{DAF0C363-8929-4121-92A1-9AD4450EA0D3}.Release|ARM64.ActiveCfg = Release|ARM64
		{DAF0C363-8929-4121-92A1-9AD4450EA0D3}.Release|ARM64.Build.0 = Release|ARM64
		{DAF0C363-8929-4121-92A1-9AD4450EA0D3}.Release|ARM64.Deploy.0 = Release|ARM64
		{DAF0C363-8929-4121-92A1-9AD4450EA0D3}.Release|x64.ActiveCfg = Release|x64
		{DAF0C363-8929-4121-92A1-9AD4450EA0D3}.Release|x64.Build.0 = Release|x64
		{DAF0C363-8929-4121-92A1-9AD4450EA0D3}.Release|x64.Deploy.0 = Release|x64
		{DAF0C363-8929-4121-92A1-9AD4450EA0D3}.Release|x86.ActiveCfg = Release|x86
		{DAF0C363-8929-4121-92A1-9AD4450EA0D3}.Release|x86.Build.0 = Release|x86
		{DAF0C363-8929-4121-92A1-9AD4450EA0D3}.Release|x86.Deploy.0 = Release|x86
		{C7D5E447-60DA-49CB-B9C7-09E464EC26DF}.Debug|Any CPU.ActiveCfg = Debug|Any CPU
		{C7D5E447-60DA-49CB-B9C7-09E464EC26DF}.Debug|Any CPU.Build.0 = Debug|Any CPU
		{C7D5E447-60DA-49CB-B9C7-09E464EC26DF}.Debug|ARM.ActiveCfg = Debug|ARM
		{C7D5E447-60DA-49CB-B9C7-09E464EC26DF}.Debug|ARM.Build.0 = Debug|ARM
		{C7D5E447-60DA-49CB-B9C7-09E464EC26DF}.Debug|ARM64.ActiveCfg = Debug|ARM64
		{C7D5E447-60DA-49CB-B9C7-09E464EC26DF}.Debug|ARM64.Build.0 = Debug|ARM64
		{C7D5E447-60DA-49CB-B9C7-09E464EC26DF}.Debug|x64.ActiveCfg = Debug|x64
		{C7D5E447-60DA-49CB-B9C7-09E464EC26DF}.Debug|x64.Build.0 = Debug|x64
		{C7D5E447-60DA-49CB-B9C7-09E464EC26DF}.Debug|x86.ActiveCfg = Debug|x86
		{C7D5E447-60DA-49CB-B9C7-09E464EC26DF}.Debug|x86.Build.0 = Debug|x86
		{C7D5E447-60DA-49CB-B9C7-09E464EC26DF}.Release|Any CPU.ActiveCfg = Release|Any CPU
		{C7D5E447-60DA-49CB-B9C7-09E464EC26DF}.Release|Any CPU.Build.0 = Release|Any CPU
		{C7D5E447-60DA-49CB-B9C7-09E464EC26DF}.Release|ARM.ActiveCfg = Release|ARM
		{C7D5E447-60DA-49CB-B9C7-09E464EC26DF}.Release|ARM.Build.0 = Release|ARM
		{C7D5E447-60DA-49CB-B9C7-09E464EC26DF}.Release|ARM64.ActiveCfg = Release|ARM64
		{C7D5E447-60DA-49CB-B9C7-09E464EC26DF}.Release|ARM64.Build.0 = Release|ARM64
		{C7D5E447-60DA-49CB-B9C7-09E464EC26DF}.Release|x64.ActiveCfg = Release|x64
		{C7D5E447-60DA-49CB-B9C7-09E464EC26DF}.Release|x64.Build.0 = Release|x64
		{C7D5E447-60DA-49CB-B9C7-09E464EC26DF}.Release|x86.ActiveCfg = Release|x86
		{C7D5E447-60DA-49CB-B9C7-09E464EC26DF}.Release|x86.Build.0 = Release|x86
	EndGlobalSection
	GlobalSection(SolutionProperties) = preSolution
		HideSolutionNode = FALSE
	EndGlobalSection
	GlobalSection(ExtensibilityGlobals) = postSolution
		SolutionGuid = {9E9D9405-4AE3-4C77-943B-57BC78463E49}
	EndGlobalSection
EndGlobal
